
Microsoft Visual Studio Solution File, Format Version 12.00
# Visual Studio Version 16
VisualStudioVersion = 16.0.30621.155
MinimumVisualStudioVersion = 10.0.40219.1
Project("{FAE04EC0-301F-11D3-BF4B-00C04F79EFBC}") = "WebBlogApp", "WebBlogApp\WebBlogApp.csproj", "{EDB1F99F-6F3C-4B5E-9CBD-C60F28450AAD}"
EndProject
Global
	GlobalSection(SolutionConfigurationPlatforms) = preSolution
		Debug|Any CPU = Debug|Any CPU
		Release|Any CPU = Release|Any CPU
	EndGlobalSection
	GlobalSection(ProjectConfigurationPlatforms) = postSolution
		{EDB1F99F-6F3C-4B5E-9CBD-C60F28450AAD}.Debug|Any CPU.ActiveCfg = Debug|Any CPU
		{EDB1F99F-6F3C-4B5E-9CBD-C60F28450AAD}.Debug|Any CPU.Build.0 = Debug|Any CPU
		{EDB1F99F-6F3C-4B5E-9CBD-C60F28450AAD}.Release|Any CPU.ActiveCfg = Release|Any CPU
		{EDB1F99F-6F3C-4B5E-9CBD-C60F28450AAD}.Release|Any CPU.Build.0 = Release|Any CPU
	EndGlobalSection
	GlobalSection(SolutionProperties) = preSolution
		HideSolutionNode = FALSE
	EndGlobalSection
	GlobalSection(ExtensibilityGlobals) = postSolution
		SolutionGuid = {6B5AC9F1-004E-4F69-B1C3-8ABF4C2C5029}
	EndGlobalSection
EndGlobal
