
Microsoft Visual Studio Solution File, Format Version 12.00
# Visual Studio Version 16
VisualStudioVersion = 16.0.30621.155
MinimumVisualStudioVersion = 10.0.40219.1
Project("{00D1A9C2-B5F0-4AF3-8072-F6C62B433612}") = "BlogDataBase", "BlogDataBase\BlogDataBase.sqlproj", "{5CBE0C19-E93F-413F-9183-829E5AE82A9B}"
EndProject
Global
	GlobalSection(SolutionConfigurationPlatforms) = preSolution
		Debug|Any CPU = Debug|Any CPU
		Release|Any CPU = Release|Any CPU
	EndGlobalSection
	GlobalSection(ProjectConfigurationPlatforms) = postSolution
		{5CBE0C19-E93F-413F-9183-829E5AE82A9B}.Debug|Any CPU.ActiveCfg = Debug|Any CPU
		{5CBE0C19-E93F-413F-9183-829E5AE82A9B}.Debug|Any CPU.Build.0 = Debug|Any CPU
		{5CBE0C19-E93F-413F-9183-829E5AE82A9B}.Debug|Any CPU.Deploy.0 = Debug|Any CPU
		{5CBE0C19-E93F-413F-9183-829E5AE82A9B}.Release|Any CPU.ActiveCfg = Release|Any CPU
		{5CBE0C19-E93F-413F-9183-829E5AE82A9B}.Release|Any CPU.Build.0 = Release|Any CPU
		{5CBE0C19-E93F-413F-9183-829E5AE82A9B}.Release|Any CPU.Deploy.0 = Release|Any CPU
	EndGlobalSection
	GlobalSection(SolutionProperties) = preSolution
		HideSolutionNode = FALSE
	EndGlobalSection
	GlobalSection(ExtensibilityGlobals) = postSolution
		SolutionGuid = {5D204769-CA6E-4261-9CF3-A77EEA536866}
	EndGlobalSection
EndGlobal
